// !$*UTF8*$!
{
	archiveVersion = 1;
	classes = {
	};
	objectVersion = 56;
	objects = {

/* Begin PBXBuildFile section */
		422C28AE2AF25163001AB59C /* AppDelegate.swift in Sources */ = {isa = PBXBuildFile; fileRef = 422C28AD2AF25163001AB59C /* AppDelegate.swift */; };
		422C28B02AF25163001AB59C /* SceneDelegate.swift in Sources */ = {isa = PBXBuildFile; fileRef = 422C28AF2AF25163001AB59C /* SceneDelegate.swift */; };
		422C28B22AF25163001AB59C /* ViewController.swift in Sources */ = {isa = PBXBuildFile; fileRef = 422C28B12AF25163001AB59C /* ViewController.swift */; };
		422C28B52AF25163001AB59C /* Main.storyboard in Resources */ = {isa = PBXBuildFile; fileRef = 422C28B32AF25163001AB59C /* Main.storyboard */; };
		422C28B72AF25165001AB59C /* Assets.xcassets in Resources */ = {isa = PBXBuildFile; fileRef = 422C28B62AF25165001AB59C /* Assets.xcassets */; };
		422C28BA2AF25165001AB59C /* LaunchScreen.storyboard in Resources */ = {isa = PBXBuildFile; fileRef = 422C28B82AF25165001AB59C /* LaunchScreen.storyboard */; };
		42B589912AF4463F003338EE /* arjandhillon.mp3 in Resources */ = {isa = PBXBuildFile; fileRef = 42B589902AF4463F003338EE /* arjandhillon.mp3 */; };
		42B5899B2AF4517A003338EE /* sonipabla.mp3 in Resources */ = {isa = PBXBuildFile; fileRef = 42B589922AF4517A003338EE /* sonipabla.mp3 */; };
		42B5899C2AF4517A003338EE /* navaan.mp3 in Resources */ = {isa = PBXBuildFile; fileRef = 42B589932AF4517A003338EE /* navaan.mp3 */; };
		42B5899D2AF4517A003338EE /* apdhillon.mp3 in Resources */ = {isa = PBXBuildFile; fileRef = 42B589942AF4517A003338EE /* apdhillon.mp3 */; };
		42B5899E2AF4517A003338EE /* tegi.mp3 in Resources */ = {isa = PBXBuildFile; fileRef = 42B589952AF4517A003338EE /* tegi.mp3 */; };
		42B5899F2AF4517A003338EE /* rr.mp3 in Resources */ = {isa = PBXBuildFile; fileRef = 42B589962AF4517A003338EE /* rr.mp3 */; };
		42B589A02AF4517A003338EE /* theweeknd.mp3 in Resources */ = {isa = PBXBuildFile; fileRef = 42B589972AF4517A003338EE /* theweeknd.mp3 */; };
		42B589A12AF4517A003338EE /* sidhu.mp3 in Resources */ = {isa = PBXBuildFile; fileRef = 42B589982AF4517A003338EE /* sidhu.mp3 */; };
		42B589A22AF4517A003338EE /* onerepublic.mp3 in Resources */ = {isa = PBXBuildFile; fileRef = 42B589992AF4517A003338EE /* onerepublic.mp3 */; };
		42B589A32AF4517A003338EE /* diljit.mp3 in Resources */ = {isa = PBXBuildFile; fileRef = 42B5899A2AF4517A003338EE /* diljit.mp3 */; };
		42D48D752AF3B559009B84B0 /* secondViewController.swift in Sources */ = {isa = PBXBuildFile; fileRef = 42D48D742AF3B559009B84B0 /* secondViewController.swift */; };
		42D48D772AF402B8009B84B0 /* thirdViewController.swift in Sources */ = {isa = PBXBuildFile; fileRef = 42D48D762AF402B8009B84B0 /* thirdViewController.swift */; };
/* End PBXBuildFile section */

/* Begin PBXFileReference section */
		422C28AA2AF25163001AB59C /* BookYourShowApp.app */ = {isa = PBXFileReference; explicitFileType = wrapper.application; includeInIndex = 0; path = BookYourShowApp.app; sourceTree = BUILT_PRODUCTS_DIR; };
		422C28AD2AF25163001AB59C /* AppDelegate.swift */ = {isa = PBXFileReference; lastKnownFileType = sourcecode.swift; path = AppDelegate.swift; sourceTree = "<group>"; };
		422C28AF2AF25163001AB59C /* SceneDelegate.swift */ = {isa = PBXFileReference; lastKnownFileType = sourcecode.swift; path = SceneDelegate.swift; sourceTree = "<group>"; };
		422C28B12AF25163001AB59C /* ViewController.swift */ = {isa = PBXFileReference; lastKnownFileType = sourcecode.swift; path = ViewController.swift; sourceTree = "<group>"; };
		422C28B42AF25163001AB59C /* Base */ = {isa = PBXFileReference; lastKnownFileType = file.storyboard; name = Base; path = Base.lproj/Main.storyboard; sourceTree = "<group>"; };
		422C28B62AF25165001AB59C /* Assets.xcassets */ = {isa = PBXFileReference; lastKnownFileType = folder.assetcatalog; path = Assets.xcassets; sourceTree = "<group>"; };
		422C28B92AF25165001AB59C /* Base */ = {isa = PBXFileReference; lastKnownFileType = file.storyboard; name = Base; path = Base.lproj/LaunchScreen.storyboard; sourceTree = "<group>"; };
		422C28BB2AF25165001AB59C /* Info.plist */ = {isa = PBXFileReference; lastKnownFileType = text.plist.xml; path = Info.plist; sourceTree = "<group>"; };
		42B589902AF4463F003338EE /* arjandhillon.mp3 */ = {isa = PBXFileReference; lastKnownFileType = audio.mp3; path = arjandhillon.mp3; sourceTree = "<group>"; };
		42B589922AF4517A003338EE /* sonipabla.mp3 */ = {isa = PBXFileReference; lastKnownFileType = audio.mp3; path = sonipabla.mp3; sourceTree = "<group>"; };
		42B589932AF4517A003338EE /* navaan.mp3 */ = {isa = PBXFileReference; lastKnownFileType = audio.mp3; path = navaan.mp3; sourceTree = "<group>"; };
		42B589942AF4517A003338EE /* apdhillon.mp3 */ = {isa = PBXFileReference; lastKnownFileType = audio.mp3; path = apdhillon.mp3; sourceTree = "<group>"; };
		42B589952AF4517A003338EE /* tegi.mp3 */ = {isa = PBXFileReference; lastKnownFileType = audio.mp3; path = tegi.mp3; sourceTree = "<group>"; };
		42B589962AF4517A003338EE /* rr.mp3 */ = {isa = PBXFileReference; lastKnownFileType = audio.mp3; path = rr.mp3; sourceTree = "<group>"; };
		42B589972AF4517A003338EE /* theweeknd.mp3 */ = {isa = PBXFileReference; lastKnownFileType = audio.mp3; path = theweeknd.mp3; sourceTree = "<group>"; };
		42B589982AF4517A003338EE /* sidhu.mp3 */ = {isa = PBXFileReference; lastKnownFileType = audio.mp3; path = sidhu.mp3; sourceTree = "<group>"; };
		42B589992AF4517A003338EE /* onerepublic.mp3 */ = {isa = PBXFileReference; lastKnownFileType = audio.mp3; path = onerepublic.mp3; sourceTree = "<group>"; };
		42B5899A2AF4517A003338EE /* diljit.mp3 */ = {isa = PBXFileReference; lastKnownFileType = audio.mp3; path = diljit.mp3; sourceTree = "<group>"; };
		42D48D742AF3B559009B84B0 /* secondViewController.swift */ = {isa = PBXFileReference; lastKnownFileType = sourcecode.swift; path = secondViewController.swift; sourceTree = "<group>"; };
		42D48D762AF402B8009B84B0 /* thirdViewController.swift */ = {isa = PBXFileReference; lastKnownFileType = sourcecode.swift; path = thirdViewController.swift; sourceTree = "<group>"; };
/* End PBXFileReference section */

/* Begin PBXFrameworksBuildPhase section */
		422C28A72AF25163001AB59C /* Frameworks */ = {
			isa = PBXFrameworksBuildPhase;
			buildActionMask = 2147483647;
			files = (
			);
			runOnlyForDeploymentPostprocessing = 0;
		};
/* End PBXFrameworksBuildPhase section */

/* Begin PBXGroup section */
		422C28A12AF25163001AB59C = {
			isa = PBXGroup;
			children = (
				422C28AC2AF25163001AB59C /* BookYourShowApp */,
				422C28AB2AF25163001AB59C /* Products */,
			);
			sourceTree = "<group>";
		};
		422C28AB2AF25163001AB59C /* Products */ = {
			isa = PBXGroup;
			children = (
				422C28AA2AF25163001AB59C /* BookYourShowApp.app */,
			);
			name = Products;
			sourceTree = "<group>";
		};
		422C28AC2AF25163001AB59C /* BookYourShowApp */ = {
			isa = PBXGroup;
			children = (
				42B589902AF4463F003338EE /* arjandhillon.mp3 */,
				42B589942AF4517A003338EE /* apdhillon.mp3 */,
				42B5899A2AF4517A003338EE /* diljit.mp3 */,
				42B589932AF4517A003338EE /* navaan.mp3 */,
				42B589992AF4517A003338EE /* onerepublic.mp3 */,
				42B589962AF4517A003338EE /* rr.mp3 */,
				42B589982AF4517A003338EE /* sidhu.mp3 */,
				42B589922AF4517A003338EE /* sonipabla.mp3 */,
				42B589952AF4517A003338EE /* tegi.mp3 */,
				42B589972AF4517A003338EE /* theweeknd.mp3 */,
				422C28AD2AF25163001AB59C /* AppDelegate.swift */,
				422C28AF2AF25163001AB59C /* SceneDelegate.swift */,
				422C28B32AF25163001AB59C /* Main.storyboard */,
				422C28B12AF25163001AB59C /* ViewController.swift */,
				42D48D742AF3B559009B84B0 /* secondViewController.swift */,
				42D48D762AF402B8009B84B0 /* thirdViewController.swift */,
				422C28B62AF25165001AB59C /* Assets.xcassets */,
				422C28B82AF25165001AB59C /* LaunchScreen.storyboard */,
				422C28BB2AF25165001AB59C /* Info.plist */,
			);
			path = BookYourShowApp;
			sourceTree = "<group>";
		};
/* End PBXGroup section */

/* Begin PBXNativeTarget section */
		422C28A92AF25163001AB59C /* BookYourShowApp */ = {
			isa = PBXNativeTarget;
			buildConfigurationList = 422C28BE2AF25165001AB59C /* Build configuration list for PBXNativeTarget "BookYourShowApp" */;
			buildPhases = (
				422C28A62AF25163001AB59C /* Sources */,
				422C28A72AF25163001AB59C /* Frameworks */,
				422C28A82AF25163001AB59C /* Resources */,
			);
			buildRules = (
			);
			dependencies = (
			);
			name = BookYourShowApp;
			productName = BookYourShowApp;
			productReference = 422C28AA2AF25163001AB59C /* BookYourShowApp.app */;
			productType = "com.apple.product-type.application";
		};
/* End PBXNativeTarget section */

/* Begin PBXProject section */
		422C28A22AF25163001AB59C /* Project object */ = {
			isa = PBXProject;
			attributes = {
				BuildIndependentTargetsInParallel = 1;
				LastSwiftUpdateCheck = 1500;
				LastUpgradeCheck = 1500;
				TargetAttributes = {
					422C28A92AF25163001AB59C = {
						CreatedOnToolsVersion = 15.0.1;
					};
				};
			};
			buildConfigurationList = 422C28A52AF25163001AB59C /* Build configuration list for PBXProject "BookYourShowApp" */;
			compatibilityVersion = "Xcode 14.0";
			developmentRegion = en;
			hasScannedForEncodings = 0;
			knownRegions = (
				en,
				Base,
			);
			mainGroup = 422C28A12AF25163001AB59C;
			productRefGroup = 422C28AB2AF25163001AB59C /* Products */;
			projectDirPath = "";
			projectRoot = "";
			targets = (
				422C28A92AF25163001AB59C /* BookYourShowApp */,
			);
		};
/* End PBXProject section */

/* Begin PBXResourcesBuildPhase section */
		422C28A82AF25163001AB59C /* Resources */ = {
			isa = PBXResourcesBuildPhase;
			buildActionMask = 2147483647;
			files = (
				42B589912AF4463F003338EE /* arjandhillon.mp3 in Resources */,
				42B5899F2AF4517A003338EE /* rr.mp3 in Resources */,
				422C28BA2AF25165001AB59C /* LaunchScreen.storyboard in Resources */,
				422C28B72AF25165001AB59C /* Assets.xcassets in Resources */,
				42B5899D2AF4517A003338EE /* apdhillon.mp3 in Resources */,
				42B589A22AF4517A003338EE /* onerepublic.mp3 in Resources */,
				422C28B52AF25163001AB59C /* Main.storyboard in Resources */,
				42B589A12AF4517A003338EE /* sidhu.mp3 in Resources */,
				42B589A02AF4517A003338EE /* theweeknd.mp3 in Resources */,
				42B5899B2AF4517A003338EE /* sonipabla.mp3 in Resources */,
				42B589A32AF4517A003338EE /* diljit.mp3 in Resources */,
				42B5899C2AF4517A003338EE /* navaan.mp3 in Resources */,
				42B5899E2AF4517A003338EE /* tegi.mp3 in Resources */,
			);
			runOnlyForDeploymentPostprocessing = 0;
		};
/* End PBXResourcesBuildPhase section */

/* Begin PBXSourcesBuildPhase section */
		422C28A62AF25163001AB59C /* Sources */ = {
			isa = PBXSourcesBuildPhase;
			buildActionMask = 2147483647;
			files = (
				42D48D752AF3B559009B84B0 /* secondViewController.swift in Sources */,
				422C28B22AF25163001AB59C /* ViewController.swift in Sources */,
				42D48D772AF402B8009B84B0 /* thirdViewController.swift in Sources */,
				422C28AE2AF25163001AB59C /* AppDelegate.swift in Sources */,
				422C28B02AF25163001AB59C /* SceneDelegate.swift in Sources */,
			);
			runOnlyForDeploymentPostprocessing = 0;
		};
/* End PBXSourcesBuildPhase section */

/* Begin PBXVariantGroup section */
		422C28B32AF25163001AB59C /* Main.storyboard */ = {
			isa = PBXVariantGroup;
			children = (
				422C28B42AF25163001AB59C /* Base */,
			);
			name = Main.storyboard;
			sourceTree = "<group>";
		};
		422C28B82AF25165001AB59C /* LaunchScreen.storyboard */ = {
			isa = PBXVariantGroup;
			children = (
				422C28B92AF25165001AB59C /* Base */,
			);
			name = LaunchScreen.storyboard;
			sourceTree = "<group>";
		};
/* End PBXVariantGroup section */

/* Begin XCBuildConfiguration section */
		422C28BC2AF25165001AB59C /* Debug */ = {
			isa = XCBuildConfiguration;
			buildSettings = {
				ALWAYS_SEARCH_USER_PATHS = NO;
				ASSETCATALOG_COMPILER_GENERATE_SWIFT_ASSET_SYMBOL_EXTENSIONS = YES;
				CLANG_ANALYZER_NONNULL = YES;
				CLANG_ANALYZER_NUMBER_OBJECT_CONVERSION = YES_AGGRESSIVE;
				CLANG_CXX_LANGUAGE_STANDARD = "gnu++20";
				CLANG_ENABLE_MODULES = YES;
				CLANG_ENABLE_OBJC_ARC = YES;
				CLANG_ENABLE_OBJC_WEAK = YES;
				CLANG_WARN_BLOCK_CAPTURE_AUTORELEASING = YES;
				CLANG_WARN_BOOL_CONVERSION = YES;
				CLANG_WARN_COMMA = YES;
				CLANG_WARN_CONSTANT_CONVERSION = YES;
				CLANG_WARN_DEPRECATED_OBJC_IMPLEMENTATIONS = YES;
				CLANG_WARN_DIRECT_OBJC_ISA_USAGE = YES_ERROR;
				CLANG_WARN_DOCUMENTATION_COMMENTS = YES;
				CLANG_WARN_EMPTY_BODY = YES;
				CLANG_WARN_ENUM_CONVERSION = YES;
				CLANG_WARN_INFINITE_RECURSION = YES;
				CLANG_WARN_INT_CONVERSION = YES;
				CLANG_WARN_NON_LITERAL_NULL_CONVERSION = YES;
				CLANG_WARN_OBJC_IMPLICIT_RETAIN_SELF = YES;
				CLANG_WARN_OBJC_LITERAL_CONVERSION = YES;
				CLANG_WARN_OBJC_ROOT_CLASS = YES_ERROR;
				CLANG_WARN_QUOTED_INCLUDE_IN_FRAMEWORK_HEADER = YES;
				CLANG_WARN_RANGE_LOOP_ANALYSIS = YES;
				CLANG_WARN_STRICT_PROTOTYPES = YES;
				CLANG_WARN_SUSPICIOUS_MOVE = YES;
				CLANG_WARN_UNGUARDED_AVAILABILITY = YES_AGGRESSIVE;
				CLANG_WARN_UNREACHABLE_CODE = YES;
				CLANG_WARN__DUPLICATE_METHOD_MATCH = YES;
				COPY_PHASE_STRIP = NO;
				DEBUG_INFORMATION_FORMAT = dwarf;
				ENABLE_STRICT_OBJC_MSGSEND = YES;
				ENABLE_TESTABILITY = YES;
				ENABLE_USER_SCRIPT_SANDBOXING = YES;
				GCC_C_LANGUAGE_STANDARD = gnu17;
				GCC_DYNAMIC_NO_PIC = NO;
				GCC_NO_COMMON_BLOCKS = YES;
				GCC_OPTIMIZATION_LEVEL = 0;
				GCC_PREPROCESSOR_DEFINITIONS = (
					"DEBUG=1",
					"$(inherited)",
				);
				GCC_WARN_64_TO_32_BIT_CONVERSION = YES;
				GCC_WARN_ABOUT_RETURN_TYPE = YES_ERROR;
				GCC_WARN_UNDECLARED_SELECTOR = YES;
				GCC_WARN_UNINITIALIZED_AUTOS = YES_AGGRESSIVE;
				GCC_WARN_UNUSED_FUNCTION = YES;
				GCC_WARN_UNUSED_VARIABLE = YES;
				IPHONEOS_DEPLOYMENT_TARGET = 17.0;
				LOCALIZATION_PREFERS_STRING_CATALOGS = YES;
				MTL_ENABLE_DEBUG_INFO = INCLUDE_SOURCE;
				MTL_FAST_MATH = YES;
				ONLY_ACTIVE_ARCH = YES;
				SDKROOT = iphoneos;
				SWIFT_ACTIVE_COMPILATION_CONDITIONS = "DEBUG $(inherited)";
				SWIFT_OPTIMIZATION_LEVEL = "-Onone";
			};
			name = Debug;
		};
		422C28BD2AF25165001AB59C /* Release */ = {
			isa = XCBuildConfiguration;
			buildSettings = {
				ALWAYS_SEARCH_USER_PATHS = NO;
				ASSETCATALOG_COMPILER_GENERATE_SWIFT_ASSET_SYMBOL_EXTENSIONS = YES;
				CLANG_ANALYZER_NONNULL = YES;
				CLANG_ANALYZER_NUMBER_OBJECT_CONVERSION = YES_AGGRESSIVE;
				CLANG_CXX_LANGUAGE_STANDARD = "gnu++20";
				CLANG_ENABLE_MODULES = YES;
				CLANG_ENABLE_OBJC_ARC = YES;
				CLANG_ENABLE_OBJC_WEAK = YES;
				CLANG_WARN_BLOCK_CAPTURE_AUTORELEASING = YES;
				CLANG_WARN_BOOL_CONVERSION = YES;
				CLANG_WARN_COMMA = YES;
				CLANG_WARN_CONSTANT_CONVERSION = YES;
				CLANG_WARN_DEPRECATED_OBJC_IMPLEMENTATIONS = YES;
				CLANG_WARN_DIRECT_OBJC_ISA_USAGE = YES_ERROR;
				CLANG_WARN_DOCUMENTATION_COMMENTS = YES;
				CLANG_WARN_EMPTY_BODY = YES;
				CLANG_WARN_ENUM_CONVERSION = YES;
				CLANG_WARN_INFINITE_RECURSION = YES;
				CLANG_WARN_INT_CONVERSION = YES;
				CLANG_WARN_NON_LITERAL_NULL_CONVERSION = YES;
				CLANG_WARN_OBJC_IMPLICIT_RETAIN_SELF = YES;
				CLANG_WARN_OBJC_LITERAL_CONVERSION = YES;
				CLANG_WARN_OBJC_ROOT_CLASS = YES_ERROR;
				CLANG_WARN_QUOTED_INCLUDE_IN_FRAMEWORK_HEADER = YES;
				CLANG_WARN_RANGE_LOOP_ANALYSIS = YES;
				CLANG_WARN_STRICT_PROTOTYPES = YES;
				CLANG_WARN_SUSPICIOUS_MOVE = YES;
				CLANG_WARN_UNGUARDED_AVAILABILITY = YES_AGGRESSIVE;
				CLANG_WARN_UNREACHABLE_CODE = YES;
				CLANG_WARN__DUPLICATE_METHOD_MATCH = YES;
				COPY_PHASE_STRIP = NO;
				DEBUG_INFORMATION_FORMAT = "dwarf-with-dsym";
				ENABLE_NS_ASSERTIONS = NO;
				ENABLE_STRICT_OBJC_MSGSEND = YES;
				ENABLE_USER_SCRIPT_SANDBOXING = YES;
				GCC_C_LANGUAGE_STANDARD = gnu17;
				GCC_NO_COMMON_BLOCKS = YES;
				GCC_WARN_64_TO_32_BIT_CONVERSION = YES;
				GCC_WARN_ABOUT_RETURN_TYPE = YES_ERROR;
				GCC_WARN_UNDECLARED_SELECTOR = YES;
				GCC_WARN_UNINITIALIZED_AUTOS = YES_AGGRESSIVE;
				GCC_WARN_UNUSED_FUNCTION = YES;
				GCC_WARN_UNUSED_VARIABLE = YES;
				IPHONEOS_DEPLOYMENT_TARGET = 17.0;
				LOCALIZATION_PREFERS_STRING_CATALOGS = YES;
				MTL_ENABLE_DEBUG_INFO = NO;
				MTL_FAST_MATH = YES;
				SDKROOT = iphoneos;
				SWIFT_COMPILATION_MODE = wholemodule;
				VALIDATE_PRODUCT = YES;
			};
			name = Release;
		};
		422C28BF2AF25165001AB59C /* Debug */ = {
			isa = XCBuildConfiguration;
			buildSettings = {
				ASSETCATALOG_COMPILER_APPICON_NAME = AppIcon;
				ASSETCATALOG_COMPILER_GLOBAL_ACCENT_COLOR_NAME = AccentColor;
				CODE_SIGN_STYLE = Automatic;
				CURRENT_PROJECT_VERSION = 1;
				GENERATE_INFOPLIST_FILE = YES;
				INFOPLIST_FILE = BookYourShowApp/Info.plist;
				INFOPLIST_KEY_UIApplicationSupportsIndirectInputEvents = YES;
				INFOPLIST_KEY_UILaunchStoryboardName = LaunchScreen;
				INFOPLIST_KEY_UIMainStoryboardFile = Main;
				INFOPLIST_KEY_UISupportedInterfaceOrientations_iPad = "UIInterfaceOrientationPortrait UIInterfaceOrientationPortraitUpsideDown UIInterfaceOrientationLandscapeLeft UIInterfaceOrientationLandscapeRight";
				INFOPLIST_KEY_UISupportedInterfaceOrientations_iPhone = "UIInterfaceOrientationPortrait UIInterfaceOrientationLandscapeLeft UIInterfaceOrientationLandscapeRight";
				LD_RUNPATH_SEARCH_PATHS = (
					"$(inherited)",
					"@executable_path/Frameworks",
				);
				MARKETING_VERSION = 1.0;
				PRODUCT_BUNDLE_IDENTIFIER = swift.BookYourShowApp;
				PRODUCT_NAME = "$(TARGET_NAME)";
				SWIFT_EMIT_LOC_STRINGS = YES;
				SWIFT_VERSION = 5.0;
				TARGETED_DEVICE_FAMILY = "1,2";
			};
			name = Debug;
		};
		422C28C02AF25165001AB59C /* Release */ = {
			isa = XCBuildConfiguration;
			buildSettings = {
				ASSETCATALOG_COMPILER_APPICON_NAME = AppIcon;
				ASSETCATALOG_COMPILER_GLOBAL_ACCENT_COLOR_NAME = AccentColor;
				CODE_SIGN_STYLE = Automatic;
				CURRENT_PROJECT_VERSION = 1;
				GENERATE_INFOPLIST_FILE = YES;
				INFOPLIST_FILE = BookYourShowApp/Info.plist;
				INFOPLIST_KEY_UIApplicationSupportsIndirectInputEvents = YES;
				INFOPLIST_KEY_UILaunchStoryboardName = LaunchScreen;
				INFOPLIST_KEY_UIMainStoryboardFile = Main;
				INFOPLIST_KEY_UISupportedInterfaceOrientations_iPad = "UIInterfaceOrientationPortrait UIInterfaceOrientationPortraitUpsideDown UIInterfaceOrientationLandscapeLeft UIInterfaceOrientationLandscapeRight";
				INFOPLIST_KEY_UISupportedInterfaceOrientations_iPhone = "UIInterfaceOrientationPortrait UIInterfaceOrientationLandscapeLeft UIInterfaceOrientationLandscapeRight";
				LD_RUNPATH_SEARCH_PATHS = (
					"$(inherited)",
					"@executable_path/Frameworks",
				);
				MARKETING_VERSION = 1.0;
				PRODUCT_BUNDLE_IDENTIFIER = swift.BookYourShowApp;
				PRODUCT_NAME = "$(TARGET_NAME)";
				SWIFT_EMIT_LOC_STRINGS = YES;
				SWIFT_VERSION = 5.0;
				TARGETED_DEVICE_FAMILY = "1,2";
			};
			name = Release;
		};
/* End XCBuildConfiguration section */

/* Begin XCConfigurationList section */
		422C28A52AF25163001AB59C /* Build configuration list for PBXProject "BookYourShowApp" */ = {
			isa = XCConfigurationList;
			buildConfigurations = (
				422C28BC2AF25165001AB59C /* Debug */,
				422C28BD2AF25165001AB59C /* Release */,
			);
			defaultConfigurationIsVisible = 0;
			defaultConfigurationName = Release;
		};
		422C28BE2AF25165001AB59C /* Build configuration list for PBXNativeTarget "BookYourShowApp" */ = {
			isa = XCConfigurationList;
			buildConfigurations = (
				422C28BF2AF25165001AB59C /* Debug */,
				422C28C02AF25165001AB59C /* Release */,
			);
			defaultConfigurationIsVisible = 0;
			defaultConfigurationName = Release;
		};
/* End XCConfigurationList section */
	};
	rootObject = 422C28A22AF25163001AB59C /* Project object */;
}
